// !$*UTF8*$!
{
	archiveVersion = 1;
	classes = {
	};
	objectVersion = 55;
	objects = {

/* Begin PBXBuildFile section */
		642C1A0F28616F9D007631D2 /* AppDelegate.swift in Sources */ = {isa = PBXBuildFile; fileRef = 642C1A0E28616F9D007631D2 /* AppDelegate.swift */; };
		642C1A1128616F9D007631D2 /* SceneDelegate.swift in Sources */ = {isa = PBXBuildFile; fileRef = 642C1A1028616F9D007631D2 /* SceneDelegate.swift */; };
		642C1A1328616F9D007631D2 /* ViewController.swift in Sources */ = {isa = PBXBuildFile; fileRef = 642C1A1228616F9D007631D2 /* ViewController.swift */; };
		642C1A1628616F9D007631D2 /* Main.storyboard in Resources */ = {isa = PBXBuildFile; fileRef = 642C1A1428616F9D007631D2 /* Main.storyboard */; };
		642C1A1828616F9F007631D2 /* Assets.xcassets in Resources */ = {isa = PBXBuildFile; fileRef = 642C1A1728616F9F007631D2 /* Assets.xcassets */; };
		642C1A1B28616F9F007631D2 /* LaunchScreen.storyboard in Resources */ = {isa = PBXBuildFile; fileRef = 642C1A1928616F9F007631D2 /* LaunchScreen.storyboard */; };
		642C1A272861ABFD007631D2 /* XYPopButton.swift in Sources */ = {isa = PBXBuildFile; fileRef = 642C1A252861ABFD007631D2 /* XYPopButton.swift */; };
		642C1A282861ABFD007631D2 /* XYPopButtonView.swift in Sources */ = {isa = PBXBuildFile; fileRef = 642C1A262861ABFD007631D2 /* XYPopButtonView.swift */; };
/* End PBXBuildFile section */

/* Begin PBXFileReference section */
		642C1A0B28616F9D007631D2 /* XYSportButtonViewDemo.app */ = {isa = PBXFileReference; explicitFileType = wrapper.application; includeInIndex = 0; path = XYSportButtonViewDemo.app; sourceTree = BUILT_PRODUCTS_DIR; };
		642C1A0E28616F9D007631D2 /* AppDelegate.swift */ = {isa = PBXFileReference; lastKnownFileType = sourcecode.swift; path = AppDelegate.swift; sourceTree = "<group>"; };
		642C1A1028616F9D007631D2 /* SceneDelegate.swift */ = {isa = PBXFileReference; lastKnownFileType = sourcecode.swift; path = SceneDelegate.swift; sourceTree = "<group>"; };
		642C1A1228616F9D007631D2 /* ViewController.swift */ = {isa = PBXFileReference; lastKnownFileType = sourcecode.swift; path = ViewController.swift; sourceTree = "<group>"; };
		642C1A1528616F9D007631D2 /* Base */ = {isa = PBXFileReference; lastKnownFileType = file.storyboard; name = Base; path = Base.lproj/Main.storyboard; sourceTree = "<group>"; };
		642C1A1728616F9F007631D2 /* Assets.xcassets */ = {isa = PBXFileReference; lastKnownFileType = folder.assetcatalog; path = Assets.xcassets; sourceTree = "<group>"; };
		642C1A1A28616F9F007631D2 /* Base */ = {isa = PBXFileReference; lastKnownFileType = file.storyboard; name = Base; path = Base.lproj/LaunchScreen.storyboard; sourceTree = "<group>"; };
		642C1A1C28616F9F007631D2 /* Info.plist */ = {isa = PBXFileReference; lastKnownFileType = text.plist.xml; path = Info.plist; sourceTree = "<group>"; };
		642C1A252861ABFD007631D2 /* XYPopButton.swift */ = {isa = PBXFileReference; fileEncoding = 4; lastKnownFileType = sourcecode.swift; path = XYPopButton.swift; sourceTree = "<group>"; };
		642C1A262861ABFD007631D2 /* XYPopButtonView.swift */ = {isa = PBXFileReference; fileEncoding = 4; lastKnownFileType = sourcecode.swift; path = XYPopButtonView.swift; sourceTree = "<group>"; };
/* End PBXFileReference section */

/* Begin PBXFrameworksBuildPhase section */
		642C1A0828616F9D007631D2 /* Frameworks */ = {
			isa = PBXFrameworksBuildPhase;
			buildActionMask = 2147483647;
			files = (
			);
			runOnlyForDeploymentPostprocessing = 0;
		};
/* End PBXFrameworksBuildPhase section */

/* Begin PBXGroup section */
		642C1A0228616F9D007631D2 = {
			isa = PBXGroup;
			children = (
				642C1A0D28616F9D007631D2 /* XYSportButtonViewDemo */,
				642C1A0C28616F9D007631D2 /* Products */,
			);
			sourceTree = "<group>";
		};
		642C1A0C28616F9D007631D2 /* Products */ = {
			isa = PBXGroup;
			children = (
				642C1A0B28616F9D007631D2 /* XYSportButtonViewDemo.app */,
			);
			name = Products;
			sourceTree = "<group>";
		};
		642C1A0D28616F9D007631D2 /* XYSportButtonViewDemo */ = {
			isa = PBXGroup;
			children = (
				642C1A0E28616F9D007631D2 /* AppDelegate.swift */,
				642C1A1028616F9D007631D2 /* SceneDelegate.swift */,
				642C1A1228616F9D007631D2 /* ViewController.swift */,
				642C1A1428616F9D007631D2 /* Main.storyboard */,
				642C1A1728616F9F007631D2 /* Assets.xcassets */,
				642C1A1928616F9F007631D2 /* LaunchScreen.storyboard */,
				642C1A1C28616F9F007631D2 /* Info.plist */,
				642C1A242861ABFD007631D2 /* XYPopButtonView */,
			);
			path = XYSportButtonViewDemo;
			sourceTree = "<group>";
		};
		642C1A242861ABFD007631D2 /* XYPopButtonView */ = {
			isa = PBXGroup;
			children = (
				642C1A252861ABFD007631D2 /* XYPopButton.swift */,
				642C1A262861ABFD007631D2 /* XYPopButtonView.swift */,
			);
			path = XYPopButtonView;
			sourceTree = "<group>";
		};
/* End PBXGroup section */

/* Begin PBXNativeTarget section */
		642C1A0A28616F9D007631D2 /* XYSportButtonViewDemo */ = {
			isa = PBXNativeTarget;
			buildConfigurationList = 642C1A1F28616F9F007631D2 /* Build configuration list for PBXNativeTarget "XYSportButtonViewDemo" */;
			buildPhases = (
				642C1A0728616F9D007631D2 /* Sources */,
				642C1A0828616F9D007631D2 /* Frameworks */,
				642C1A0928616F9D007631D2 /* Resources */,
			);
			buildRules = (
			);
			dependencies = (
			);
			name = XYSportButtonViewDemo;
			productName = XYSportButtonViewDemo;
			productReference = 642C1A0B28616F9D007631D2 /* XYSportButtonViewDemo.app */;
			productType = "com.apple.product-type.application";
		};
/* End PBXNativeTarget section */

/* Begin PBXProject section */
		642C1A0328616F9D007631D2 /* Project object */ = {
			isa = PBXProject;
			attributes = {
				BuildIndependentTargetsInParallel = 1;
				LastSwiftUpdateCheck = 1340;
				LastUpgradeCheck = 1340;
				ORGANIZATIONNAME = iosyan;
				TargetAttributes = {
					642C1A0A28616F9D007631D2 = {
						CreatedOnToolsVersion = 13.4.1;
					};
				};
			};
			buildConfigurationList = 642C1A0628616F9D007631D2 /* Build configuration list for PBXProject "XYSportButtonViewDemo" */;
			compatibilityVersion = "Xcode 13.0";
			developmentRegion = en;
			hasScannedForEncodings = 0;
			knownRegions = (
				en,
				Base,
			);
			mainGroup = 642C1A0228616F9D007631D2;
			productRefGroup = 642C1A0C28616F9D007631D2 /* Products */;
			projectDirPath = "";
			projectRoot = "";
			targets = (
				642C1A0A28616F9D007631D2 /* XYSportButtonViewDemo */,
			);
		};
/* End PBXProject section */

/* Begin PBXResourcesBuildPhase section */
		642C1A0928616F9D007631D2 /* Resources */ = {
			isa = PBXResourcesBuildPhase;
			buildActionMask = 2147483647;
			files = (
				642C1A1B28616F9F007631D2 /* LaunchScreen.storyboard in Resources */,
				642C1A1828616F9F007631D2 /* Assets.xcassets in Resources */,
				642C1A1628616F9D007631D2 /* Main.storyboard in Resources */,
			);
			runOnlyForDeploymentPostprocessing = 0;
		};
/* End PBXResourcesBuildPhase section */

/* Begin PBXSourcesBuildPhase section */
		642C1A0728616F9D007631D2 /* Sources */ = {
			isa = PBXSourcesBuildPhase;
			buildActionMask = 2147483647;
			files = (
				642C1A282861ABFD007631D2 /* XYPopButtonView.swift in Sources */,
				642C1A272861ABFD007631D2 /* XYPopButton.swift in Sources */,
				642C1A1328616F9D007631D2 /* ViewController.swift in Sources */,
				642C1A0F28616F9D007631D2 /* AppDelegate.swift in Sources */,
				642C1A1128616F9D007631D2 /* SceneDelegate.swift in Sources */,
			);
			runOnlyForDeploymentPostprocessing = 0;
		};
/* End PBXSourcesBuildPhase section */

/* Begin PBXVariantGroup section */
		642C1A1428616F9D007631D2 /* Main.storyboard */ = {
			isa = PBXVariantGroup;
			children = (
				642C1A1528616F9D007631D2 /* Base */,
			);
			name = Main.storyboard;
			sourceTree = "<group>";
		};
		642C1A1928616F9F007631D2 /* LaunchScreen.storyboard */ = {
			isa = PBXVariantGroup;
			children = (
				642C1A1A28616F9F007631D2 /* Base */,
			);
			name = LaunchScreen.storyboard;
			sourceTree = "<group>";
		};
/* End PBXVariantGroup section */

/* Begin XCBuildConfiguration section */
		642C1A1D28616F9F007631D2 /* Debug */ = {
			isa = XCBuildConfiguration;
			buildSettings = {
				ALWAYS_SEARCH_USER_PATHS = NO;
				CLANG_ANALYZER_NONNULL = YES;
				CLANG_ANALYZER_NUMBER_OBJECT_CONVERSION = YES_AGGRESSIVE;
				CLANG_CXX_LANGUAGE_STANDARD = "gnu++17";
				CLANG_ENABLE_MODULES = YES;
				CLANG_ENABLE_OBJC_ARC = YES;
				CLANG_ENABLE_OBJC_WEAK = YES;
				CLANG_WARN_BLOCK_CAPTURE_AUTORELEASING = YES;
				CLANG_WARN_BOOL_CONVERSION = YES;
				CLANG_WARN_COMMA = YES;
				CLANG_WARN_CONSTANT_CONVERSION = YES;
				CLANG_WARN_DEPRECATED_OBJC_IMPLEMENTATIONS = YES;
				CLANG_WARN_DIRECT_OBJC_ISA_USAGE = YES_ERROR;
				CLANG_WARN_DOCUMENTATION_COMMENTS = YES;
				CLANG_WARN_EMPTY_BODY = YES;
				CLANG_WARN_ENUM_CONVERSION = YES;
				CLANG_WARN_INFINITE_RECURSION = YES;
				CLANG_WARN_INT_CONVERSION = YES;
				CLANG_WARN_NON_LITERAL_NULL_CONVERSION = YES;
				CLANG_WARN_OBJC_IMPLICIT_RETAIN_SELF = YES;
				CLANG_WARN_OBJC_LITERAL_CONVERSION = YES;
				CLANG_WARN_OBJC_ROOT_CLASS = YES_ERROR;
				CLANG_WARN_QUOTED_INCLUDE_IN_FRAMEWORK_HEADER = YES;
				CLANG_WARN_RANGE_LOOP_ANALYSIS = YES;
				CLANG_WARN_STRICT_PROTOTYPES = YES;
				CLANG_WARN_SUSPICIOUS_MOVE = YES;
				CLANG_WARN_UNGUARDED_AVAILABILITY = YES_AGGRESSIVE;
				CLANG_WARN_UNREACHABLE_CODE = YES;
				CLANG_WARN__DUPLICATE_METHOD_MATCH = YES;
				COPY_PHASE_STRIP = NO;
				DEBUG_INFORMATION_FORMAT = dwarf;
				ENABLE_STRICT_OBJC_MSGSEND = YES;
				ENABLE_TESTABILITY = YES;
				GCC_C_LANGUAGE_STANDARD = gnu11;
				GCC_DYNAMIC_NO_PIC = NO;
				GCC_NO_COMMON_BLOCKS = YES;
				GCC_OPTIMIZATION_LEVEL = 0;
				GCC_PREPROCESSOR_DEFINITIONS = (
					"DEBUG=1",
					"$(inherited)",
				);
				GCC_WARN_64_TO_32_BIT_CONVERSION = YES;
				GCC_WARN_ABOUT_RETURN_TYPE = YES_ERROR;
				GCC_WARN_UNDECLARED_SELECTOR = YES;
				GCC_WARN_UNINITIALIZED_AUTOS = YES_AGGRESSIVE;
				GCC_WARN_UNUSED_FUNCTION = YES;
				GCC_WARN_UNUSED_VARIABLE = YES;
				IPHONEOS_DEPLOYMENT_TARGET = 15.5;
				MTL_ENABLE_DEBUG_INFO = INCLUDE_SOURCE;
				MTL_FAST_MATH = YES;
				ONLY_ACTIVE_ARCH = YES;
				SDKROOT = iphoneos;
				SWIFT_ACTIVE_COMPILATION_CONDITIONS = DEBUG;
				SWIFT_OPTIMIZATION_LEVEL = "-Onone";
			};
			name = Debug;
		};
		642C1A1E28616F9F007631D2 /* Release */ = {
			isa = XCBuildConfiguration;
			buildSettings = {
				ALWAYS_SEARCH_USER_PATHS = NO;
				CLANG_ANALYZER_NONNULL = YES;
				CLANG_ANALYZER_NUMBER_OBJECT_CONVERSION = YES_AGGRESSIVE;
				CLANG_CXX_LANGUAGE_STANDARD = "gnu++17";
				CLANG_ENABLE_MODULES = YES;
				CLANG_ENABLE_OBJC_ARC = YES;
				CLANG_ENABLE_OBJC_WEAK = YES;
				CLANG_WARN_BLOCK_CAPTURE_AUTORELEASING = YES;
				CLANG_WARN_BOOL_CONVERSION = YES;
				CLANG_WARN_COMMA = YES;
				CLANG_WARN_CONSTANT_CONVERSION = YES;
				CLANG_WARN_DEPRECATED_OBJC_IMPLEMENTATIONS = YES;
				CLANG_WARN_DIRECT_OBJC_ISA_USAGE = YES_ERROR;
				CLANG_WARN_DOCUMENTATION_COMMENTS = YES;
				CLANG_WARN_EMPTY_BODY = YES;
				CLANG_WARN_ENUM_CONVERSION = YES;
				CLANG_WARN_INFINITE_RECURSION = YES;
				CLANG_WARN_INT_CONVERSION = YES;
				CLANG_WARN_NON_LITERAL_NULL_CONVERSION = YES;
				CLANG_WARN_OBJC_IMPLICIT_RETAIN_SELF = YES;
				CLANG_WARN_OBJC_LITERAL_CONVERSION = YES;
				CLANG_WARN_OBJC_ROOT_CLASS = YES_ERROR;
				CLANG_WARN_QUOTED_INCLUDE_IN_FRAMEWORK_HEADER = YES;
				CLANG_WARN_RANGE_LOOP_ANALYSIS = YES;
				CLANG_WARN_STRICT_PROTOTYPES = YES;
				CLANG_WARN_SUSPICIOUS_MOVE = YES;
				CLANG_WARN_UNGUARDED_AVAILABILITY = YES_AGGRESSIVE;
				CLANG_WARN_UNREACHABLE_CODE = YES;
				CLANG_WARN__DUPLICATE_METHOD_MATCH = YES;
				COPY_PHASE_STRIP = NO;
				DEBUG_INFORMATION_FORMAT = "dwarf-with-dsym";
				ENABLE_NS_ASSERTIONS = NO;
				ENABLE_STRICT_OBJC_MSGSEND = YES;
				GCC_C_LANGUAGE_STANDARD = gnu11;
				GCC_NO_COMMON_BLOCKS = YES;
				GCC_WARN_64_TO_32_BIT_CONVERSION = YES;
				GCC_WARN_ABOUT_RETURN_TYPE = YES_ERROR;
				GCC_WARN_UNDECLARED_SELECTOR = YES;
				GCC_WARN_UNINITIALIZED_AUTOS = YES_AGGRESSIVE;
				GCC_WARN_UNUSED_FUNCTION = YES;
				GCC_WARN_UNUSED_VARIABLE = YES;
				IPHONEOS_DEPLOYMENT_TARGET = 15.5;
				MTL_ENABLE_DEBUG_INFO = NO;
				MTL_FAST_MATH = YES;
				SDKROOT = iphoneos;
				SWIFT_COMPILATION_MODE = wholemodule;
				SWIFT_OPTIMIZATION_LEVEL = "-O";
				VALIDATE_PRODUCT = YES;
			};
			name = Release;
		};
		642C1A2028616F9F007631D2 /* Debug */ = {
			isa = XCBuildConfiguration;
			buildSettings = {
				ASSETCATALOG_COMPILER_APPICON_NAME = AppIcon;
				ASSETCATALOG_COMPILER_GLOBAL_ACCENT_COLOR_NAME = AccentColor;
				CODE_SIGN_STYLE = Automatic;
				CURRENT_PROJECT_VERSION = 1;
				GENERATE_INFOPLIST_FILE = YES;
				INFOPLIST_FILE = XYSportButtonViewDemo/Info.plist;
				INFOPLIST_KEY_UIApplicationSupportsIndirectInputEvents = YES;
				INFOPLIST_KEY_UILaunchStoryboardName = LaunchScreen;
				INFOPLIST_KEY_UIMainStoryboardFile = Main;
				INFOPLIST_KEY_UISupportedInterfaceOrientations_iPad = "UIInterfaceOrientationPortrait UIInterfaceOrientationPortraitUpsideDown UIInterfaceOrientationLandscapeLeft UIInterfaceOrientationLandscapeRight";
				INFOPLIST_KEY_UISupportedInterfaceOrientations_iPhone = "UIInterfaceOrientationPortrait UIInterfaceOrientationLandscapeLeft UIInterfaceOrientationLandscapeRight";
				IPHONEOS_DEPLOYMENT_TARGET = 9.0;
				LD_RUNPATH_SEARCH_PATHS = (
					"$(inherited)",
					"@executable_path/Frameworks",
				);
				MARKETING_VERSION = 1.0;
				PRODUCT_BUNDLE_IDENTIFIER = iOSyan.XYSportButtonViewDemo;
				PRODUCT_NAME = "$(TARGET_NAME)";
				SWIFT_EMIT_LOC_STRINGS = YES;
				SWIFT_VERSION = 5.0;
				TARGETED_DEVICE_FAMILY = "1,2";
			};
			name = Debug;
		};
		642C1A2128616F9F007631D2 /* Release */ = {
			isa = XCBuildConfiguration;
			buildSettings = {
				ASSETCATALOG_COMPILER_APPICON_NAME = AppIcon;
				ASSETCATALOG_COMPILER_GLOBAL_ACCENT_COLOR_NAME = AccentColor;
				CODE_SIGN_STYLE = Automatic;
				CURRENT_PROJECT_VERSION = 1;
				GENERATE_INFOPLIST_FILE = YES;
				INFOPLIST_FILE = XYSportButtonViewDemo/Info.plist;
				INFOPLIST_KEY_UIApplicationSupportsIndirectInputEvents = YES;
				INFOPLIST_KEY_UILaunchStoryboardName = LaunchScreen;
				INFOPLIST_KEY_UIMainStoryboardFile = Main;
				INFOPLIST_KEY_UISupportedInterfaceOrientations_iPad = "UIInterfaceOrientationPortrait UIInterfaceOrientationPortraitUpsideDown UIInterfaceOrientationLandscapeLeft UIInterfaceOrientationLandscapeRight";
				INFOPLIST_KEY_UISupportedInterfaceOrientations_iPhone = "UIInterfaceOrientationPortrait UIInterfaceOrientationLandscapeLeft UIInterfaceOrientationLandscapeRight";
				IPHONEOS_DEPLOYMENT_TARGET = 9.0;
				LD_RUNPATH_SEARCH_PATHS = (
					"$(inherited)",
					"@executable_path/Frameworks",
				);
				MARKETING_VERSION = 1.0;
				PRODUCT_BUNDLE_IDENTIFIER = iOSyan.XYSportButtonViewDemo;
				PRODUCT_NAME = "$(TARGET_NAME)";
				SWIFT_EMIT_LOC_STRINGS = YES;
				SWIFT_VERSION = 5.0;
				TARGETED_DEVICE_FAMILY = "1,2";
			};
			name = Release;
		};
/* End XCBuildConfiguration section */

/* Begin XCConfigurationList section */
		642C1A0628616F9D007631D2 /* Build configuration list for PBXProject "XYSportButtonViewDemo" */ = {
			isa = XCConfigurationList;
			buildConfigurations = (
				642C1A1D28616F9F007631D2 /* Debug */,
				642C1A1E28616F9F007631D2 /* Release */,
			);
			defaultConfigurationIsVisible = 0;
			defaultConfigurationName = Release;
		};
		642C1A1F28616F9F007631D2 /* Build configuration list for PBXNativeTarget "XYSportButtonViewDemo" */ = {
			isa = XCConfigurationList;
			buildConfigurations = (
				642C1A2028616F9F007631D2 /* Debug */,
				642C1A2128616F9F007631D2 /* Release */,
			);
			defaultConfigurationIsVisible = 0;
			defaultConfigurationName = Release;
		};
/* End XCConfigurationList section */
	};
	rootObject = 642C1A0328616F9D007631D2 /* Project object */;
}
